// !$*UTF8*$!
{
	archiveVersion = 1;
	classes = {
	};
	objectVersion = 46;
	objects = {

/* Begin PBXBuildFile section */
		043943961738C65A003245E1 /* UIKit.framework in Frameworks */ = {isa = PBXBuildFile; fileRef = 043943951738C65A003245E1 /* UIKit.framework */; };
		043943981738C65A003245E1 /* Foundation.framework in Frameworks */ = {isa = PBXBuildFile; fileRef = 043943971738C65A003245E1 /* Foundation.framework */; };
		0439439A1738C65A003245E1 /* CoreGraphics.framework in Frameworks */ = {isa = PBXBuildFile; fileRef = 043943991738C65A003245E1 /* CoreGraphics.framework */; };
		043943A01738C65A003245E1 /* InfoPlist.strings in Resources */ = {isa = PBXBuildFile; fileRef = 0439439E1738C65A003245E1 /* InfoPlist.strings */; };
		043943A21738C65A003245E1 /* main.m in Sources */ = {isa = PBXBuildFile; fileRef = 043943A11738C65A003245E1 /* main.m */; };
		043943A61738C65A003245E1 /* AppDelegate.m in Sources */ = {isa = PBXBuildFile; fileRef = 043943A51738C65A003245E1 /* AppDelegate.m */; };
		043943A81738C65A003245E1 /* Default.png in Resources */ = {isa = PBXBuildFile; fileRef = 043943A71738C65A003245E1 /* Default.png */; };
		043943AA1738C65A003245E1 /* Default@2x.png in Resources */ = {isa = PBXBuildFile; fileRef = 043943A91738C65A003245E1 /* Default@2x.png */; };
		043943AC1738C65A003245E1 /* Default-568h@2x.png in Resources */ = {isa = PBXBuildFile; fileRef = 043943AB1738C65A003245E1 /* Default-568h@2x.png */; };
		043943B71738C79E003245E1 /* WuKaOneViewController.m in Sources */ = {isa = PBXBuildFile; fileRef = 043943B61738C79E003245E1 /* WuKaOneViewController.m */; };
		045BF913173A2B9E004222B3 /* jieji1.png in Resources */ = {isa = PBXBuildFile; fileRef = 045BF90D173A2B9E004222B3 /* jieji1.png */; };
		045BF914173A2B9E004222B3 /* jieji2.png in Resources */ = {isa = PBXBuildFile; fileRef = 045BF90E173A2B9E004222B3 /* jieji2.png */; };
		045BF915173A2B9E004222B3 /* ok.png in Resources */ = {isa = PBXBuildFile; fileRef = 045BF90F173A2B9E004222B3 /* ok.png */; };
		045BF916173A2B9E004222B3 /* xy1.png in Resources */ = {isa = PBXBuildFile; fileRef = 045BF910173A2B9E004222B3 /* xy1.png */; };
		045BF917173A2B9E004222B3 /* xy2.png in Resources */ = {isa = PBXBuildFile; fileRef = 045BF911173A2B9E004222B3 /* xy2.png */; };
		045BF918173A2B9E004222B3 /* zhibank.png in Resources */ = {isa = PBXBuildFile; fileRef = 045BF912173A2B9E004222B3 /* zhibank.png */; };
/* End PBXBuildFile section */

/* Begin PBXFileReference section */
		043943921738C65A003245E1 /* HowMacthView.app */ = {isa = PBXFileReference; explicitFileType = wrapper.application; includeInIndex = 0; path = HowMacthView.app; sourceTree = BUILT_PRODUCTS_DIR; };
		043943951738C65A003245E1 /* UIKit.framework */ = {isa = PBXFileReference; lastKnownFileType = wrapper.framework; name = UIKit.framework; path = System/Library/Frameworks/UIKit.framework; sourceTree = SDKROOT; };
		043943971738C65A003245E1 /* Foundation.framework */ = {isa = PBXFileReference; lastKnownFileType = wrapper.framework; name = Foundation.framework; path = System/Library/Frameworks/Foundation.framework; sourceTree = SDKROOT; };
		043943991738C65A003245E1 /* CoreGraphics.framework */ = {isa = PBXFileReference; lastKnownFileType = wrapper.framework; name = CoreGraphics.framework; path = System/Library/Frameworks/CoreGraphics.framework; sourceTree = SDKROOT; };
		0439439D1738C65A003245E1 /* HowMacthView-Info.plist */ = {isa = PBXFileReference; lastKnownFileType = text.plist.xml; path = "HowMacthView-Info.plist"; sourceTree = "<group>"; };
		0439439F1738C65A003245E1 /* en */ = {isa = PBXFileReference; lastKnownFileType = text.plist.strings; name = en; path = en.lproj/InfoPlist.strings; sourceTree = "<group>"; };
		043943A11738C65A003245E1 /* main.m */ = {isa = PBXFileReference; lastKnownFileType = sourcecode.c.objc; path = main.m; sourceTree = "<group>"; };
		043943A31738C65A003245E1 /* HowMacthView-Prefix.pch */ = {isa = PBXFileReference; lastKnownFileType = sourcecode.c.h; path = "HowMacthView-Prefix.pch"; sourceTree = "<group>"; };
		043943A41738C65A003245E1 /* AppDelegate.h */ = {isa = PBXFileReference; lastKnownFileType = sourcecode.c.h; path = AppDelegate.h; sourceTree = "<group>"; };
		043943A51738C65A003245E1 /* AppDelegate.m */ = {isa = PBXFileReference; lastKnownFileType = sourcecode.c.objc; path = AppDelegate.m; sourceTree = "<group>"; };
		043943A71738C65A003245E1 /* Default.png */ = {isa = PBXFileReference; lastKnownFileType = image.png; path = Default.png; sourceTree = "<group>"; };
		043943A91738C65A003245E1 /* Default@2x.png */ = {isa = PBXFileReference; lastKnownFileType = image.png; path = "Default@2x.png"; sourceTree = "<group>"; };
		043943AB1738C65A003245E1 /* Default-568h@2x.png */ = {isa = PBXFileReference; lastKnownFileType = image.png; path = "Default-568h@2x.png"; sourceTree = "<group>"; };
		043943B51738C79E003245E1 /* WuKaOneViewController.h */ = {isa = PBXFileReference; fileEncoding = 4; lastKnownFileType = sourcecode.c.h; path = WuKaOneViewController.h; sourceTree = "<group>"; };
		043943B61738C79E003245E1 /* WuKaOneViewController.m */ = {isa = PBXFileReference; fileEncoding = 4; lastKnownFileType = sourcecode.c.objc; path = WuKaOneViewController.m; sourceTree = "<group>"; };
		045BF90D173A2B9E004222B3 /* jieji1.png */ = {isa = PBXFileReference; lastKnownFileType = image.png; path = jieji1.png; sourceTree = "<group>"; };
		045BF90E173A2B9E004222B3 /* jieji2.png */ = {isa = PBXFileReference; lastKnownFileType = image.png; path = jieji2.png; sourceTree = "<group>"; };
		045BF90F173A2B9E004222B3 /* ok.png */ = {isa = PBXFileReference; lastKnownFileType = image.png; path = ok.png; sourceTree = "<group>"; };
		045BF910173A2B9E004222B3 /* xy1.png */ = {isa = PBXFileReference; lastKnownFileType = image.png; path = xy1.png; sourceTree = "<group>"; };
		045BF911173A2B9E004222B3 /* xy2.png */ = {isa = PBXFileReference; lastKnownFileType = image.png; path = xy2.png; sourceTree = "<group>"; };
		045BF912173A2B9E004222B3 /* zhibank.png */ = {isa = PBXFileReference; lastKnownFileType = image.png; path = zhibank.png; sourceTree = "<group>"; };
/* End PBXFileReference section */

/* Begin PBXFrameworksBuildPhase section */
		0439438F1738C65A003245E1 /* Frameworks */ = {
			isa = PBXFrameworksBuildPhase;
			buildActionMask = 2147483647;
			files = (
				043943961738C65A003245E1 /* UIKit.framework in Frameworks */,
				043943981738C65A003245E1 /* Foundation.framework in Frameworks */,
				0439439A1738C65A003245E1 /* CoreGraphics.framework in Frameworks */,
			);
			runOnlyForDeploymentPostprocessing = 0;
		};
/* End PBXFrameworksBuildPhase section */

/* Begin PBXGroup section */
		043943891738C65A003245E1 = {
			isa = PBXGroup;
			children = (
				0439439B1738C65A003245E1 /* HowMacthView */,
				043943941738C65A003245E1 /* Frameworks */,
				043943931738C65A003245E1 /* Products */,
			);
			sourceTree = "<group>";
		};
		043943931738C65A003245E1 /* Products */ = {
			isa = PBXGroup;
			children = (
				043943921738C65A003245E1 /* HowMacthView.app */,
			);
			name = Products;
			sourceTree = "<group>";
		};
		043943941738C65A003245E1 /* Frameworks */ = {
			isa = PBXGroup;
			children = (
				043943951738C65A003245E1 /* UIKit.framework */,
				043943971738C65A003245E1 /* Foundation.framework */,
				043943991738C65A003245E1 /* CoreGraphics.framework */,
			);
			name = Frameworks;
			sourceTree = "<group>";
		};
		0439439B1738C65A003245E1 /* HowMacthView */ = {
			isa = PBXGroup;
			children = (
				045BF90C173A2B86004222B3 /* image */,
				043943B51738C79E003245E1 /* WuKaOneViewController.h */,
				043943B61738C79E003245E1 /* WuKaOneViewController.m */,
				043943A41738C65A003245E1 /* AppDelegate.h */,
				043943A51738C65A003245E1 /* AppDelegate.m */,
				0439439C1738C65A003245E1 /* Supporting Files */,
			);
			path = HowMacthView;
			sourceTree = "<group>";
		};
		0439439C1738C65A003245E1 /* Supporting Files */ = {
			isa = PBXGroup;
			children = (
				0439439D1738C65A003245E1 /* HowMacthView-Info.plist */,
				0439439E1738C65A003245E1 /* InfoPlist.strings */,
				043943A11738C65A003245E1 /* main.m */,
				043943A31738C65A003245E1 /* HowMacthView-Prefix.pch */,
				043943A71738C65A003245E1 /* Default.png */,
				043943A91738C65A003245E1 /* Default@2x.png */,
				043943AB1738C65A003245E1 /* Default-568h@2x.png */,
			);
			name = "Supporting Files";
			sourceTree = "<group>";
		};
		045BF90C173A2B86004222B3 /* image */ = {
			isa = PBXGroup;
			children = (
				045BF90D173A2B9E004222B3 /* jieji1.png */,
				045BF90E173A2B9E004222B3 /* jieji2.png */,
				045BF90F173A2B9E004222B3 /* ok.png */,
				045BF910173A2B9E004222B3 /* xy1.png */,
				045BF911173A2B9E004222B3 /* xy2.png */,
				045BF912173A2B9E004222B3 /* zhibank.png */,
			);
			name = image;
			sourceTree = "<group>";
		};
/* End PBXGroup section */

/* Begin PBXNativeTarget section */
		043943911738C65A003245E1 /* HowMacthView */ = {
			isa = PBXNativeTarget;
			buildConfigurationList = 043943AF1738C65A003245E1 /* Build configuration list for PBXNativeTarget "HowMacthView" */;
			buildPhases = (
				0439438E1738C65A003245E1 /* Sources */,
				0439438F1738C65A003245E1 /* Frameworks */,
				043943901738C65A003245E1 /* Resources */,
			);
			buildRules = (
			);
			dependencies = (
			);
			name = HowMacthView;
			productName = HowMacthView;
			productReference = 043943921738C65A003245E1 /* HowMacthView.app */;
			productType = "com.apple.product-type.application";
		};
/* End PBXNativeTarget section */

/* Begin PBXProject section */
		0439438A1738C65A003245E1 /* Project object */ = {
			isa = PBXProject;
			attributes = {
				LastUpgradeCheck = 0460;
				ORGANIZATIONNAME = XmL;
			};
			buildConfigurationList = 0439438D1738C65A003245E1 /* Build configuration list for PBXProject "HowMacthView" */;
			compatibilityVersion = "Xcode 3.2";
			developmentRegion = English;
			hasScannedForEncodings = 0;
			knownRegions = (
				en,
			);
			mainGroup = 043943891738C65A003245E1;
			productRefGroup = 043943931738C65A003245E1 /* Products */;
			projectDirPath = "";
			projectRoot = "";
			targets = (
				043943911738C65A003245E1 /* HowMacthView */,
			);
		};
/* End PBXProject section */

/* Begin PBXResourcesBuildPhase section */
		043943901738C65A003245E1 /* Resources */ = {
			isa = PBXResourcesBuildPhase;
			buildActionMask = 2147483647;
			files = (
				043943A01738C65A003245E1 /* InfoPlist.strings in Resources */,
				043943A81738C65A003245E1 /* Default.png in Resources */,
				043943AA1738C65A003245E1 /* Default@2x.png in Resources */,
				043943AC1738C65A003245E1 /* Default-568h@2x.png in Resources */,
				045BF913173A2B9E004222B3 /* jieji1.png in Resources */,
				045BF914173A2B9E004222B3 /* jieji2.png in Resources */,
				045BF915173A2B9E004222B3 /* ok.png in Resources */,
				045BF916173A2B9E004222B3 /* xy1.png in Resources */,
				045BF917173A2B9E004222B3 /* xy2.png in Resources */,
				045BF918173A2B9E004222B3 /* zhibank.png in Resources */,
			);
			runOnlyForDeploymentPostprocessing = 0;
		};
/* End PBXResourcesBuildPhase section */

/* Begin PBXSourcesBuildPhase section */
		0439438E1738C65A003245E1 /* Sources */ = {
			isa = PBXSourcesBuildPhase;
			buildActionMask = 2147483647;
			files = (
				043943A21738C65A003245E1 /* main.m in Sources */,
				043943A61738C65A003245E1 /* AppDelegate.m in Sources */,
				043943B71738C79E003245E1 /* WuKaOneViewController.m in Sources */,
			);
			runOnlyForDeploymentPostprocessing = 0;
		};
/* End PBXSourcesBuildPhase section */

/* Begin PBXVariantGroup section */
		0439439E1738C65A003245E1 /* InfoPlist.strings */ = {
			isa = PBXVariantGroup;
			children = (
				0439439F1738C65A003245E1 /* en */,
			);
			name = InfoPlist.strings;
			sourceTree = "<group>";
		};
/* End PBXVariantGroup section */

/* Begin XCBuildConfiguration section */
		043943AD1738C65A003245E1 /* Debug */ = {
			isa = XCBuildConfiguration;
			buildSettings = {
				ALWAYS_SEARCH_USER_PATHS = NO;
				CLANG_CXX_LANGUAGE_STANDARD = "gnu++0x";
				CLANG_CXX_LIBRARY = "libc++";
				CLANG_WARN_CONSTANT_CONVERSION = YES;
				CLANG_WARN_EMPTY_BODY = YES;
				CLANG_WARN_ENUM_CONVERSION = YES;
				CLANG_WARN_INT_CONVERSION = YES;
				CLANG_WARN__DUPLICATE_METHOD_MATCH = YES;
				"CODE_SIGN_IDENTITY[sdk=iphoneos*]" = "iPhone Developer";
				COPY_PHASE_STRIP = NO;
				GCC_C_LANGUAGE_STANDARD = gnu99;
				GCC_DYNAMIC_NO_PIC = NO;
				GCC_OPTIMIZATION_LEVEL = 0;
				GCC_PREPROCESSOR_DEFINITIONS = (
					"DEBUG=1",
					"$(inherited)",
				);
				GCC_SYMBOLS_PRIVATE_EXTERN = NO;
				GCC_WARN_ABOUT_RETURN_TYPE = YES;
				GCC_WARN_UNINITIALIZED_AUTOS = YES;
				GCC_WARN_UNUSED_VARIABLE = YES;
				IPHONEOS_DEPLOYMENT_TARGET = 6.1;
				ONLY_ACTIVE_ARCH = YES;
				SDKROOT = iphoneos;
			};
			name = Debug;
		};
		043943AE1738C65A003245E1 /* Release */ = {
			isa = XCBuildConfiguration;
			buildSettings = {
				ALWAYS_SEARCH_USER_PATHS = NO;
				CLANG_CXX_LANGUAGE_STANDARD = "gnu++0x";
				CLANG_CXX_LIBRARY = "libc++";
				CLANG_WARN_CONSTANT_CONVERSION = YES;
				CLANG_WARN_EMPTY_BODY = YES;
				CLANG_WARN_ENUM_CONVERSION = YES;
				CLANG_WARN_INT_CONVERSION = YES;
				CLANG_WARN__DUPLICATE_METHOD_MATCH = YES;
				"CODE_SIGN_IDENTITY[sdk=iphoneos*]" = "iPhone Developer";
				COPY_PHASE_STRIP = YES;
				GCC_C_LANGUAGE_STANDARD = gnu99;
				GCC_WARN_ABOUT_RETURN_TYPE = YES;
				GCC_WARN_UNINITIALIZED_AUTOS = YES;
				GCC_WARN_UNUSED_VARIABLE = YES;
				IPHONEOS_DEPLOYMENT_TARGET = 6.1;
				OTHER_CFLAGS = "-DNS_BLOCK_ASSERTIONS=1";
				SDKROOT = iphoneos;
				VALIDATE_PRODUCT = YES;
			};
			name = Release;
		};
		043943B01738C65A003245E1 /* Debug */ = {
			isa = XCBuildConfiguration;
			buildSettings = {
				"CODE_SIGN_IDENTITY[sdk=iphoneos*]" = "iPhone Developer: 军 刘 (8J723CMF5U)";
				GCC_PRECOMPILE_PREFIX_HEADER = YES;
				GCC_PREFIX_HEADER = "HowMacthView/HowMacthView-Prefix.pch";
				INFOPLIST_FILE = "HowMacthView/HowMacthView-Info.plist";
				PRODUCT_NAME = "$(TARGET_NAME)";
				"PROVISIONING_PROFILE[sdk=iphoneos*]" = "46F77C01-6B9B-41BE-B399-72E155E65D2D";
				WRAPPER_EXTENSION = app;
			};
			name = Debug;
		};
		043943B11738C65A003245E1 /* Release */ = {
			isa = XCBuildConfiguration;
			buildSettings = {
				GCC_PRECOMPILE_PREFIX_HEADER = YES;
				GCC_PREFIX_HEADER = "HowMacthView/HowMacthView-Prefix.pch";
				INFOPLIST_FILE = "HowMacthView/HowMacthView-Info.plist";
				PRODUCT_NAME = "$(TARGET_NAME)";
				WRAPPER_EXTENSION = app;
			};
			name = Release;
		};
/* End XCBuildConfiguration section */

/* Begin XCConfigurationList section */
		0439438D1738C65A003245E1 /* Build configuration list for PBXProject "HowMacthView" */ = {
			isa = XCConfigurationList;
			buildConfigurations = (
				043943AD1738C65A003245E1 /* Debug */,
				043943AE1738C65A003245E1 /* Release */,
			);
			defaultConfigurationIsVisible = 0;
			defaultConfigurationName = Release;
		};
		043943AF1738C65A003245E1 /* Build configuration list for PBXNativeTarget "HowMacthView" */ = {
			isa = XCConfigurationList;
			buildConfigurations = (
				043943B01738C65A003245E1 /* Debug */,
				043943B11738C65A003245E1 /* Release */,
			);
			defaultConfigurationIsVisible = 0;
			defaultConfigurationName = Release;
		};
/* End XCConfigurationList section */
	};
	rootObject = 0439438A1738C65A003245E1 /* Project object */;
}
